<?xml version="1.0" encoding="UTF-8"?>
<Scheme
   LastUpgradeVersion = "9999"
   version = "1.3">
   <BuildAction
      parallelizeBuildables = "YES"
      buildImplicitDependencies = "YES">
      <BuildActionEntries>
         <BuildActionEntry
            buildForTesting = "YES"
            buildForRunning = "YES"
            buildForProfiling = "YES"
            buildForArchiving = "YES"
            buildForAnalyzing = "YES">
            <BuildableReference
               BuildableIdentifier = "primary"
               BlueprintIdentifier = "UpsideDownCLI::UpsideDownCLI"
               BuildableName = "UpsideDownCLI"
               BlueprintName = "UpsideDownCLI"
               ReferencedContainer = "container:UpsideDownCLI.xcodeproj">
            </BuildableReference>
         </BuildActionEntry>
      </BuildActionEntries>
   </BuildAction>
   <TestAction
      buildConfiguration = "Debug"
      selectedDebuggerIdentifier = "Xcode.DebuggerFoundation.Debugger.LLDB"
      selectedLauncherIdentifier = "Xcode.DebuggerFoundation.Launcher.LLDB"
      shouldUseLaunchSchemeArgsEnv = "YES">
      <Testables>
      </Testables>
      <AdditionalOptions>
      </AdditionalOptions>
   </TestAction>
   <LaunchAction
      buildConfiguration = "Debug"
      selectedDebuggerIdentifier = "Xcode.DebuggerFoundation.Debugger.LLDB"
      selectedLauncherIdentifier = "Xcode.DebuggerFoundation.Launcher.LLDB"
      launchStyle = "0"
      useCustomWorkingDirectory = "NO"
      ignoresPersistentStateOnLaunch = "NO"
      debugDocumentVersioning = "YES"
      debugServiceExtension = "internal"
      allowLocationSimulation = "YES">
      <BuildableProductRunnable
         runnableDebuggingMode = "0">
         <BuildableReference
            BuildableIdentifier = "primary"
            BlueprintIdentifier = "UpsideDownCLI::UpsideDownCLI"
            BuildableName = "UpsideDownCLI"
            BlueprintName = "UpsideDownCLI"
            ReferencedContainer = "container:UpsideDownCLI.xcodeproj">
         </BuildableReference>
      </BuildableProductRunnable>
      <CommandLineArguments>
         <CommandLineArgument
            argument = "build"
            isEnabled = "YES">
         </CommandLineArgument>
         <CommandLineArgument
            argument = "--configuration"
            isEnabled = "YES">
         </CommandLineArgument>
         <CommandLineArgument
            argument = "~/Developer/upside-down/cli/test-build.plist"
            isEnabled = "YES">
         </CommandLineArgument>
         <CommandLineArgument
            argument = "--dry-run"
            isEnabled = "YES">
         </CommandLineArgument>
         <CommandLineArgument
            argument = "--double"
            isEnabled = "NO">
         </CommandLineArgument>
         <CommandLineArgument
            argument = "3.2"
            isEnabled = "NO">
         </CommandLineArgument>
         <CommandLineArgument
            argument = "A3D683D8-35F2-4073-81B0-AF7D980FE18B"
            isEnabled = "NO">
         </CommandLineArgument>
         <CommandLineArgument
            argument = "--test"
            isEnabled = "NO">
         </CommandLineArgument>
         <CommandLineArgument
            argument = "-c"
            isEnabled = "NO">
         </CommandLineArgument>
         <CommandLineArgument
            argument = "5"
            isEnabled = "NO">
         </CommandLineArgument>
         <CommandLineArgument
            argument = "generate"
            isEnabled = "NO">
         </CommandLineArgument>
         <CommandLineArgument
            argument = "--type"
            isEnabled = "NO">
         </CommandLineArgument>
         <CommandLineArgument
            argument = "project"
            isEnabled = "NO">
         </CommandLineArgument>
         <CommandLineArgument
            argument = "--output"
            isEnabled = "NO">
         </CommandLineArgument>
         <CommandLineArgument
            argument = "./test"
            isEnabled = "NO">
         </CommandLineArgument>
         <CommandLineArgument
            argument = "--help"
            isEnabled = "NO">
         </CommandLineArgument>
         <CommandLineArgument
            argument = "help"
            isEnabled = "NO">
         </CommandLineArgument>
         <CommandLineArgument
            argument = "dockerfile"
            isEnabled = "NO">
         </CommandLineArgument>
         <CommandLineArgument
            argument = "path"
            isEnabled = "NO">
         </CommandLineArgument>
      </CommandLineArguments>
      <EnvironmentVariables>
         <EnvironmentVariable
            key = "TEST_ETC"
            value = "/Users/marcus/Developer/upside-down/cli"
            isEnabled = "YES">
         </EnvironmentVariable>
      </EnvironmentVariables>
      <AdditionalOptions>
      </AdditionalOptions>
   </LaunchAction>
   <ProfileAction
      buildConfiguration = "Release"
      shouldUseLaunchSchemeArgsEnv = "YES"
      savedToolIdentifier = ""
      useCustomWorkingDirectory = "NO"
      debugDocumentVersioning = "YES">
   </ProfileAction>
   <AnalyzeAction
      buildConfiguration = "Debug">
   </AnalyzeAction>
   <ArchiveAction
      buildConfiguration = "Release"
      revealArchiveInOrganizer = "YES">
   </ArchiveAction>
</Scheme>
